
Microsoft Visual Studio Solution File, Format Version 12.00
# Visual Studio 14
VisualStudioVersion = 14.0.22823.1
MinimumVisualStudioVersion = 10.0.40219.1
Project("{2150E333-8FDC-42A3-9474-1A3956D46DE8}") = "src", "src", "{E5B18881-514B-44C4-98D2-78F6BD8DF6A5}"
EndProject
Project("{8BB2217D-0F2D-49D1-97BC-3654ED321F3B}") = "GravatarTagHelper", "src\GravatarTagHelper\GravatarTagHelper.xproj", "{E3CEF04B-1E1B-4640-BCEB-6F63055E3027}"
EndProject
Project("{2150E333-8FDC-42A3-9474-1A3956D46DE8}") = "samples", "samples", "{992DD5F2-60A5-489F-ABCE-97904AE96B57}"
EndProject
Project("{8BB2217D-0F2D-49D1-97BC-3654ED321F3B}") = "GravatarTagHelper.Web", "samples\GravatarTagHelper.Web\GravatarTagHelper.Web.xproj", "{BE4C6111-0B62-4089-8383-96447A1C47FC}"
EndProject
Project("{2150E333-8FDC-42A3-9474-1A3956D46DE8}") = "tests", "tests", "{49C8DEFA-867B-45B9-A8E2-DED39280F234}"
EndProject
Project("{8BB2217D-0F2D-49D1-97BC-3654ED321F3B}") = "GravatarTagHelper.Test", "tests\GravatarTagHelper.Test\GravatarTagHelper.Test.xproj", "{FD2AFFCC-7E15-4EC8-92E8-31660CB87BA4}"
EndProject
Global
	GlobalSection(SolutionConfigurationPlatforms) = preSolution
		Debug|Any CPU = Debug|Any CPU
		Release|Any CPU = Release|Any CPU
	EndGlobalSection
	GlobalSection(ProjectConfigurationPlatforms) = postSolution
		{E3CEF04B-1E1B-4640-BCEB-6F63055E3027}.Debug|Any CPU.ActiveCfg = Debug|Any CPU
		{E3CEF04B-1E1B-4640-BCEB-6F63055E3027}.Debug|Any CPU.Build.0 = Debug|Any CPU
		{E3CEF04B-1E1B-4640-BCEB-6F63055E3027}.Release|Any CPU.ActiveCfg = Release|Any CPU
		{E3CEF04B-1E1B-4640-BCEB-6F63055E3027}.Release|Any CPU.Build.0 = Release|Any CPU
		{BE4C6111-0B62-4089-8383-96447A1C47FC}.Debug|Any CPU.ActiveCfg = Debug|Any CPU
		{BE4C6111-0B62-4089-8383-96447A1C47FC}.Debug|Any CPU.Build.0 = Debug|Any CPU
		{BE4C6111-0B62-4089-8383-96447A1C47FC}.Release|Any CPU.ActiveCfg = Release|Any CPU
		{BE4C6111-0B62-4089-8383-96447A1C47FC}.Release|Any CPU.Build.0 = Release|Any CPU
		{FD2AFFCC-7E15-4EC8-92E8-31660CB87BA4}.Debug|Any CPU.ActiveCfg = Debug|Any CPU
		{FD2AFFCC-7E15-4EC8-92E8-31660CB87BA4}.Debug|Any CPU.Build.0 = Debug|Any CPU
		{FD2AFFCC-7E15-4EC8-92E8-31660CB87BA4}.Release|Any CPU.ActiveCfg = Release|Any CPU
		{FD2AFFCC-7E15-4EC8-92E8-31660CB87BA4}.Release|Any CPU.Build.0 = Release|Any CPU
	EndGlobalSection
	GlobalSection(SolutionProperties) = preSolution
		HideSolutionNode = FALSE
	EndGlobalSection
	GlobalSection(NestedProjects) = preSolution
		{E3CEF04B-1E1B-4640-BCEB-6F63055E3027} = {E5B18881-514B-44C4-98D2-78F6BD8DF6A5}
		{BE4C6111-0B62-4089-8383-96447A1C47FC} = {992DD5F2-60A5-489F-ABCE-97904AE96B57}
		{FD2AFFCC-7E15-4EC8-92E8-31660CB87BA4} = {49C8DEFA-867B-45B9-A8E2-DED39280F234}
	EndGlobalSection
EndGlobal
